<Solution>
  <Folder Name="/src/">
    <Project Path="src/Novolis.Storage.Abstractions/Novolis.Storage.Abstractions.csproj" />
    <Project Path="src/Novolis.Storage.Json/Novolis.Storage.Json.csproj" />
    <Project Path="src/Novolis.Storage.Sqlite/Novolis.Storage.Sqlite.csproj" />
  </Folder>
  <Folder Name="/tests/"><Project Path="tests/Novolis.Storage.Tests/Novolis.Storage.Tests.csproj" /></Folder>
</Solution>
